
Microsoft Visual Studio Solution File, Format Version 12.00
# Visual Studio Version 16
VisualStudioVersion = 16.0.31112.23
MinimumVisualStudioVersion = 10.0.40219.1
Project("{9A19103F-16F7-4668-BE54-9A1E7A4F7556}") = "BezierCalc", ".\BezierCalc\BezierCalc.csproj", "{2CDDF164-CD67-4911-8CF2-85B60A4F76ED}"
EndProject
Project("{FAE04EC0-301F-11D3-BF4B-00C04F79EFBC}") = "BezierCalcTests", ".\BezierCalcTests\BezierCalcTests.csproj", "{2B4143D0-DE3F-4035-BCA5-AE12AA3DD014}"
EndProject
Global
	GlobalSection(SolutionConfigurationPlatforms) = preSolution
		Debug|Any CPU = Debug|Any CPU
		Release|Any CPU = Release|Any CPU
	EndGlobalSection
	GlobalSection(ProjectConfigurationPlatforms) = postSolution
		{2CDDF164-CD67-4911-8CF2-85B60A4F76ED}.Debug|Any CPU.ActiveCfg = Debug|Any CPU
		{2CDDF164-CD67-4911-8CF2-85B60A4F76ED}.Debug|Any CPU.Build.0 = Debug|Any CPU
		{2CDDF164-CD67-4911-8CF2-85B60A4F76ED}.Release|Any CPU.ActiveCfg = Release|Any CPU
		{2CDDF164-CD67-4911-8CF2-85B60A4F76ED}.Release|Any CPU.Build.0 = Release|Any CPU
		{2B4143D0-DE3F-4035-BCA5-AE12AA3DD014}.Debug|Any CPU.ActiveCfg = Debug|Any CPU
		{2B4143D0-DE3F-4035-BCA5-AE12AA3DD014}.Debug|Any CPU.Build.0 = Debug|Any CPU
		{2B4143D0-DE3F-4035-BCA5-AE12AA3DD014}.Release|Any CPU.ActiveCfg = Release|Any CPU
		{2B4143D0-DE3F-4035-BCA5-AE12AA3DD014}.Release|Any CPU.Build.0 = Release|Any CPU
	EndGlobalSection
	GlobalSection(SolutionProperties) = preSolution
		HideSolutionNode = FALSE
	EndGlobalSection
	GlobalSection(ExtensibilityGlobals) = postSolution
		SolutionGuid = {8A4179E5-FB85-4C89-9E46-379056CCCA40}
	EndGlobalSection
EndGlobal
